// !$*UTF8*$!
{
	archiveVersion = 1;
	classes = {
	};
	objectVersion = 50;
	objects = {

/* Begin PBXBuildFile section */
		CA58454A26E1ECBA00F93EAE /* AppDelegate.swift in Sources */ = {isa = PBXBuildFile; fileRef = CA58454926E1ECBA00F93EAE /* AppDelegate.swift */; };
		CA58454C26E1ECBA00F93EAE /* SceneDelegate.swift in Sources */ = {isa = PBXBuildFile; fileRef = CA58454B26E1ECBA00F93EAE /* SceneDelegate.swift */; };
		CA58454E26E1ECBA00F93EAE /* GamesListViewController.swift in Sources */ = {isa = PBXBuildFile; fileRef = CA58454D26E1ECBA00F93EAE /* GamesListViewController.swift */; };
		CA58455126E1ECBA00F93EAE /* Main.storyboard in Resources */ = {isa = PBXBuildFile; fileRef = CA58454F26E1ECBA00F93EAE /* Main.storyboard */; };
		CA58455326E1ECBC00F93EAE /* Assets.xcassets in Resources */ = {isa = PBXBuildFile; fileRef = CA58455226E1ECBC00F93EAE /* Assets.xcassets */; };
		CA58455626E1ECBC00F93EAE /* LaunchScreen.storyboard in Resources */ = {isa = PBXBuildFile; fileRef = CA58455426E1ECBC00F93EAE /* LaunchScreen.storyboard */; };
		CA58456226E2217200F93EAE /* Games.swift in Sources */ = {isa = PBXBuildFile; fileRef = CA58456126E2217200F93EAE /* Games.swift */; };
		CA58456526E2267900F93EAE /* APIService.swift in Sources */ = {isa = PBXBuildFile; fileRef = CA58456426E2267900F93EAE /* APIService.swift */; };
		CA58456726E22FF300F93EAE /* Constants.swift in Sources */ = {isa = PBXBuildFile; fileRef = CA58456626E22FF300F93EAE /* Constants.swift */; };
		CA89B0F326E2E08B00CC9E6E /* HederGroupTableViewCell.swift in Sources */ = {isa = PBXBuildFile; fileRef = CA89B0F126E2E08B00CC9E6E /* HederGroupTableViewCell.swift */; };
		CA89B0F426E2E08B00CC9E6E /* HederGroupTableViewCell.xib in Resources */ = {isa = PBXBuildFile; fileRef = CA89B0F226E2E08B00CC9E6E /* HederGroupTableViewCell.xib */; };
		CAD5CE9C26E40C3D0042D9FD /* GameTableViewCell.swift in Sources */ = {isa = PBXBuildFile; fileRef = CAD5CE9A26E40C3D0042D9FD /* GameTableViewCell.swift */; };
		CAD5CE9D26E40C3D0042D9FD /* GameTableViewCell.xib in Resources */ = {isa = PBXBuildFile; fileRef = CAD5CE9B26E40C3D0042D9FD /* GameTableViewCell.xib */; };
		CAD5CEA026E40F1C0042D9FD /* Utils.swift in Sources */ = {isa = PBXBuildFile; fileRef = CAD5CE9F26E40F1C0042D9FD /* Utils.swift */; };
/* End PBXBuildFile section */

/* Begin PBXFileReference section */
		CA58454626E1ECBA00F93EAE /* 365ScoreTest.app */ = {isa = PBXFileReference; explicitFileType = wrapper.application; includeInIndex = 0; path = 365ScoreTest.app; sourceTree = BUILT_PRODUCTS_DIR; };
		CA58454926E1ECBA00F93EAE /* AppDelegate.swift */ = {isa = PBXFileReference; lastKnownFileType = sourcecode.swift; path = AppDelegate.swift; sourceTree = "<group>"; };
		CA58454B26E1ECBA00F93EAE /* SceneDelegate.swift */ = {isa = PBXFileReference; lastKnownFileType = sourcecode.swift; path = SceneDelegate.swift; sourceTree = "<group>"; };
		CA58454D26E1ECBA00F93EAE /* GamesListViewController.swift */ = {isa = PBXFileReference; lastKnownFileType = sourcecode.swift; path = GamesListViewController.swift; sourceTree = "<group>"; };
		CA58455026E1ECBA00F93EAE /* Base */ = {isa = PBXFileReference; lastKnownFileType = file.storyboard; name = Base; path = Base.lproj/Main.storyboard; sourceTree = "<group>"; };
		CA58455226E1ECBC00F93EAE /* Assets.xcassets */ = {isa = PBXFileReference; lastKnownFileType = folder.assetcatalog; path = Assets.xcassets; sourceTree = "<group>"; };
		CA58455526E1ECBC00F93EAE /* Base */ = {isa = PBXFileReference; lastKnownFileType = file.storyboard; name = Base; path = Base.lproj/LaunchScreen.storyboard; sourceTree = "<group>"; };
		CA58455726E1ECBC00F93EAE /* Info.plist */ = {isa = PBXFileReference; lastKnownFileType = text.plist.xml; path = Info.plist; sourceTree = "<group>"; };
		CA58456126E2217200F93EAE /* Games.swift */ = {isa = PBXFileReference; lastKnownFileType = sourcecode.swift; path = Games.swift; sourceTree = "<group>"; };
		CA58456426E2267900F93EAE /* APIService.swift */ = {isa = PBXFileReference; lastKnownFileType = sourcecode.swift; path = APIService.swift; sourceTree = "<group>"; };
		CA58456626E22FF300F93EAE /* Constants.swift */ = {isa = PBXFileReference; lastKnownFileType = sourcecode.swift; path = Constants.swift; sourceTree = "<group>"; };
		CA89B0F126E2E08B00CC9E6E /* HederGroupTableViewCell.swift */ = {isa = PBXFileReference; lastKnownFileType = sourcecode.swift; path = HederGroupTableViewCell.swift; sourceTree = "<group>"; };
		CA89B0F226E2E08B00CC9E6E /* HederGroupTableViewCell.xib */ = {isa = PBXFileReference; lastKnownFileType = file.xib; path = HederGroupTableViewCell.xib; sourceTree = "<group>"; };
		CAD5CE9A26E40C3D0042D9FD /* GameTableViewCell.swift */ = {isa = PBXFileReference; lastKnownFileType = sourcecode.swift; path = GameTableViewCell.swift; sourceTree = "<group>"; };
		CAD5CE9B26E40C3D0042D9FD /* GameTableViewCell.xib */ = {isa = PBXFileReference; lastKnownFileType = file.xib; path = GameTableViewCell.xib; sourceTree = "<group>"; };
		CAD5CE9F26E40F1C0042D9FD /* Utils.swift */ = {isa = PBXFileReference; lastKnownFileType = sourcecode.swift; path = Utils.swift; sourceTree = "<group>"; };
/* End PBXFileReference section */

/* Begin PBXFrameworksBuildPhase section */
		CA58454326E1ECBA00F93EAE /* Frameworks */ = {
			isa = PBXFrameworksBuildPhase;
			buildActionMask = 2147483647;
			files = (
			);
			runOnlyForDeploymentPostprocessing = 0;
		};
/* End PBXFrameworksBuildPhase section */

/* Begin PBXGroup section */
		CA58453D26E1ECBA00F93EAE = {
			isa = PBXGroup;
			children = (
				CA58454826E1ECBA00F93EAE /* 365ScoreTest */,
				CA58454726E1ECBA00F93EAE /* Products */,
			);
			sourceTree = "<group>";
		};
		CA58454726E1ECBA00F93EAE /* Products */ = {
			isa = PBXGroup;
			children = (
				CA58454626E1ECBA00F93EAE /* 365ScoreTest.app */,
			);
			name = Products;
			sourceTree = "<group>";
		};
		CA58454826E1ECBA00F93EAE /* 365ScoreTest */ = {
			isa = PBXGroup;
			children = (
				CA58454D26E1ECBA00F93EAE /* GamesListViewController.swift */,
				CA58456D26E264C800F93EAE /* View */,
				CA58456326E2264600F93EAE /* Services */,
				CA58456026E220FF00F93EAE /* Models */,
				CA58455F26E21CC600F93EAE /* Suporting Files */,
				CA58455E26E21CB700F93EAE /* Assets */,
				CA58455D26E21CA700F93EAE /* App Lyfecycle */,
				CA58454F26E1ECBA00F93EAE /* Main.storyboard */,
			);
			path = 365ScoreTest;
			sourceTree = "<group>";
		};
		CA58455D26E21CA700F93EAE /* App Lyfecycle */ = {
			isa = PBXGroup;
			children = (
				CA58454926E1ECBA00F93EAE /* AppDelegate.swift */,
				CA58454B26E1ECBA00F93EAE /* SceneDelegate.swift */,
			);
			path = "App Lyfecycle";
			sourceTree = "<group>";
		};
		CA58455E26E21CB700F93EAE /* Assets */ = {
			isa = PBXGroup;
			children = (
				CA58455226E1ECBC00F93EAE /* Assets.xcassets */,
			);
			path = Assets;
			sourceTree = "<group>";
		};
		CA58455F26E21CC600F93EAE /* Suporting Files */ = {
			isa = PBXGroup;
			children = (
				CA58455426E1ECBC00F93EAE /* LaunchScreen.storyboard */,
				CA58455726E1ECBC00F93EAE /* Info.plist */,
				CA58456626E22FF300F93EAE /* Constants.swift */,
				CAD5CE9F26E40F1C0042D9FD /* Utils.swift */,
			);
			name = "Suporting Files";
			sourceTree = "<group>";
		};
		CA58456026E220FF00F93EAE /* Models */ = {
			isa = PBXGroup;
			children = (
				CA58456126E2217200F93EAE /* Games.swift */,
			);
			path = Models;
			sourceTree = "<group>";
		};
		CA58456326E2264600F93EAE /* Services */ = {
			isa = PBXGroup;
			children = (
				CA58456426E2267900F93EAE /* APIService.swift */,
			);
			path = Services;
			sourceTree = "<group>";
		};
		CA58456D26E264C800F93EAE /* View */ = {
			isa = PBXGroup;
			children = (
				CA58456E26E264DC00F93EAE /* Cell */,
			);
			path = View;
			sourceTree = "<group>";
		};
		CA58456E26E264DC00F93EAE /* Cell */ = {
			isa = PBXGroup;
			children = (
				CA89B0F126E2E08B00CC9E6E /* HederGroupTableViewCell.swift */,
				CA89B0F226E2E08B00CC9E6E /* HederGroupTableViewCell.xib */,
				CAD5CE9A26E40C3D0042D9FD /* GameTableViewCell.swift */,
				CAD5CE9B26E40C3D0042D9FD /* GameTableViewCell.xib */,
			);
			path = Cell;
			sourceTree = "<group>";
		};
/* End PBXGroup section */

/* Begin PBXNativeTarget section */
		CA58454526E1ECBA00F93EAE /* 365ScoreTest */ = {
			isa = PBXNativeTarget;
			buildConfigurationList = CA58455A26E1ECBC00F93EAE /* Build configuration list for PBXNativeTarget "365ScoreTest" */;
			buildPhases = (
				CA58454226E1ECBA00F93EAE /* Sources */,
				CA58454326E1ECBA00F93EAE /* Frameworks */,
				CA58454426E1ECBA00F93EAE /* Resources */,
			);
			buildRules = (
			);
			dependencies = (
			);
			name = 365ScoreTest;
			productName = 365ScoreTest;
			productReference = CA58454626E1ECBA00F93EAE /* 365ScoreTest.app */;
			productType = "com.apple.product-type.application";
		};
/* End PBXNativeTarget section */

/* Begin PBXProject section */
		CA58453E26E1ECBA00F93EAE /* Project object */ = {
			isa = PBXProject;
			attributes = {
				LastSwiftUpdateCheck = 1250;
				LastUpgradeCheck = 1250;
				TargetAttributes = {
					CA58454526E1ECBA00F93EAE = {
						CreatedOnToolsVersion = 12.5.1;
					};
				};
			};
			buildConfigurationList = CA58454126E1ECBA00F93EAE /* Build configuration list for PBXProject "365ScoreTest" */;
			compatibilityVersion = "Xcode 9.3";
			developmentRegion = en;
			hasScannedForEncodings = 0;
			knownRegions = (
				en,
				Base,
			);
			mainGroup = CA58453D26E1ECBA00F93EAE;
			productRefGroup = CA58454726E1ECBA00F93EAE /* Products */;
			projectDirPath = "";
			projectRoot = "";
			targets = (
				CA58454526E1ECBA00F93EAE /* 365ScoreTest */,
			);
		};
/* End PBXProject section */

/* Begin PBXResourcesBuildPhase section */
		CA58454426E1ECBA00F93EAE /* Resources */ = {
			isa = PBXResourcesBuildPhase;
			buildActionMask = 2147483647;
			files = (
				CA58455626E1ECBC00F93EAE /* LaunchScreen.storyboard in Resources */,
				CA89B0F426E2E08B00CC9E6E /* HederGroupTableViewCell.xib in Resources */,
				CA58455326E1ECBC00F93EAE /* Assets.xcassets in Resources */,
				CA58455126E1ECBA00F93EAE /* Main.storyboard in Resources */,
				CAD5CE9D26E40C3D0042D9FD /* GameTableViewCell.xib in Resources */,
			);
			runOnlyForDeploymentPostprocessing = 0;
		};
/* End PBXResourcesBuildPhase section */

/* Begin PBXSourcesBuildPhase section */
		CA58454226E1ECBA00F93EAE /* Sources */ = {
			isa = PBXSourcesBuildPhase;
			buildActionMask = 2147483647;
			files = (
				CA89B0F326E2E08B00CC9E6E /* HederGroupTableViewCell.swift in Sources */,
				CA58456226E2217200F93EAE /* Games.swift in Sources */,
				CAD5CEA026E40F1C0042D9FD /* Utils.swift in Sources */,
				CAD5CE9C26E40C3D0042D9FD /* GameTableViewCell.swift in Sources */,
				CA58456526E2267900F93EAE /* APIService.swift in Sources */,
				CA58454E26E1ECBA00F93EAE /* GamesListViewController.swift in Sources */,
				CA58454A26E1ECBA00F93EAE /* AppDelegate.swift in Sources */,
				CA58454C26E1ECBA00F93EAE /* SceneDelegate.swift in Sources */,
				CA58456726E22FF300F93EAE /* Constants.swift in Sources */,
			);
			runOnlyForDeploymentPostprocessing = 0;
		};
/* End PBXSourcesBuildPhase section */

/* Begin PBXVariantGroup section */
		CA58454F26E1ECBA00F93EAE /* Main.storyboard */ = {
			isa = PBXVariantGroup;
			children = (
				CA58455026E1ECBA00F93EAE /* Base */,
			);
			name = Main.storyboard;
			sourceTree = "<group>";
		};
		CA58455426E1ECBC00F93EAE /* LaunchScreen.storyboard */ = {
			isa = PBXVariantGroup;
			children = (
				CA58455526E1ECBC00F93EAE /* Base */,
			);
			name = LaunchScreen.storyboard;
			sourceTree = "<group>";
		};
/* End PBXVariantGroup section */

/* Begin XCBuildConfiguration section */
		CA58455826E1ECBC00F93EAE /* Debug */ = {
			isa = XCBuildConfiguration;
			buildSettings = {
				ALWAYS_SEARCH_USER_PATHS = NO;
				CLANG_ANALYZER_NONNULL = YES;
				CLANG_ANALYZER_NUMBER_OBJECT_CONVERSION = YES_AGGRESSIVE;
				CLANG_CXX_LANGUAGE_STANDARD = "gnu++14";
				CLANG_CXX_LIBRARY = "libc++";
				CLANG_ENABLE_MODULES = YES;
				CLANG_ENABLE_OBJC_ARC = YES;
				CLANG_ENABLE_OBJC_WEAK = YES;
				CLANG_WARN_BLOCK_CAPTURE_AUTORELEASING = YES;
				CLANG_WARN_BOOL_CONVERSION = YES;
				CLANG_WARN_COMMA = YES;
				CLANG_WARN_CONSTANT_CONVERSION = YES;
				CLANG_WARN_DEPRECATED_OBJC_IMPLEMENTATIONS = YES;
				CLANG_WARN_DIRECT_OBJC_ISA_USAGE = YES_ERROR;
				CLANG_WARN_DOCUMENTATION_COMMENTS = YES;
				CLANG_WARN_EMPTY_BODY = YES;
				CLANG_WARN_ENUM_CONVERSION = YES;
				CLANG_WARN_INFINITE_RECURSION = YES;
				CLANG_WARN_INT_CONVERSION = YES;
				CLANG_WARN_NON_LITERAL_NULL_CONVERSION = YES;
				CLANG_WARN_OBJC_IMPLICIT_RETAIN_SELF = YES;
				CLANG_WARN_OBJC_LITERAL_CONVERSION = YES;
				CLANG_WARN_OBJC_ROOT_CLASS = YES_ERROR;
				CLANG_WARN_QUOTED_INCLUDE_IN_FRAMEWORK_HEADER = YES;
				CLANG_WARN_RANGE_LOOP_ANALYSIS = YES;
				CLANG_WARN_STRICT_PROTOTYPES = YES;
				CLANG_WARN_SUSPICIOUS_MOVE = YES;
				CLANG_WARN_UNGUARDED_AVAILABILITY = YES_AGGRESSIVE;
				CLANG_WARN_UNREACHABLE_CODE = YES;
				CLANG_WARN__DUPLICATE_METHOD_MATCH = YES;
				COPY_PHASE_STRIP = NO;
				DEBUG_INFORMATION_FORMAT = dwarf;
				ENABLE_STRICT_OBJC_MSGSEND = YES;
				ENABLE_TESTABILITY = YES;
				GCC_C_LANGUAGE_STANDARD = gnu11;
				GCC_DYNAMIC_NO_PIC = NO;
				GCC_NO_COMMON_BLOCKS = YES;
				GCC_OPTIMIZATION_LEVEL = 0;
				GCC_PREPROCESSOR_DEFINITIONS = (
					"DEBUG=1",
					"$(inherited)",
				);
				GCC_WARN_64_TO_32_BIT_CONVERSION = YES;
				GCC_WARN_ABOUT_RETURN_TYPE = YES_ERROR;
				GCC_WARN_UNDECLARED_SELECTOR = YES;
				GCC_WARN_UNINITIALIZED_AUTOS = YES_AGGRESSIVE;
				GCC_WARN_UNUSED_FUNCTION = YES;
				GCC_WARN_UNUSED_VARIABLE = YES;
				IPHONEOS_DEPLOYMENT_TARGET = 14.5;
				MTL_ENABLE_DEBUG_INFO = INCLUDE_SOURCE;
				MTL_FAST_MATH = YES;
				ONLY_ACTIVE_ARCH = YES;
				SDKROOT = iphoneos;
				SWIFT_ACTIVE_COMPILATION_CONDITIONS = DEBUG;
				SWIFT_OPTIMIZATION_LEVEL = "-Onone";
			};
			name = Debug;
		};
		CA58455926E1ECBC00F93EAE /* Release */ = {
			isa = XCBuildConfiguration;
			buildSettings = {
				ALWAYS_SEARCH_USER_PATHS = NO;
				CLANG_ANALYZER_NONNULL = YES;
				CLANG_ANALYZER_NUMBER_OBJECT_CONVERSION = YES_AGGRESSIVE;
				CLANG_CXX_LANGUAGE_STANDARD = "gnu++14";
				CLANG_CXX_LIBRARY = "libc++";
				CLANG_ENABLE_MODULES = YES;
				CLANG_ENABLE_OBJC_ARC = YES;
				CLANG_ENABLE_OBJC_WEAK = YES;
				CLANG_WARN_BLOCK_CAPTURE_AUTORELEASING = YES;
				CLANG_WARN_BOOL_CONVERSION = YES;
				CLANG_WARN_COMMA = YES;
				CLANG_WARN_CONSTANT_CONVERSION = YES;
				CLANG_WARN_DEPRECATED_OBJC_IMPLEMENTATIONS = YES;
				CLANG_WARN_DIRECT_OBJC_ISA_USAGE = YES_ERROR;
				CLANG_WARN_DOCUMENTATION_COMMENTS = YES;
				CLANG_WARN_EMPTY_BODY = YES;
				CLANG_WARN_ENUM_CONVERSION = YES;
				CLANG_WARN_INFINITE_RECURSION = YES;
				CLANG_WARN_INT_CONVERSION = YES;
				CLANG_WARN_NON_LITERAL_NULL_CONVERSION = YES;
				CLANG_WARN_OBJC_IMPLICIT_RETAIN_SELF = YES;
				CLANG_WARN_OBJC_LITERAL_CONVERSION = YES;
				CLANG_WARN_OBJC_ROOT_CLASS = YES_ERROR;
				CLANG_WARN_QUOTED_INCLUDE_IN_FRAMEWORK_HEADER = YES;
				CLANG_WARN_RANGE_LOOP_ANALYSIS = YES;
				CLANG_WARN_STRICT_PROTOTYPES = YES;
				CLANG_WARN_SUSPICIOUS_MOVE = YES;
				CLANG_WARN_UNGUARDED_AVAILABILITY = YES_AGGRESSIVE;
				CLANG_WARN_UNREACHABLE_CODE = YES;
				CLANG_WARN__DUPLICATE_METHOD_MATCH = YES;
				COPY_PHASE_STRIP = NO;
				DEBUG_INFORMATION_FORMAT = "dwarf-with-dsym";
				ENABLE_NS_ASSERTIONS = NO;
				ENABLE_STRICT_OBJC_MSGSEND = YES;
				GCC_C_LANGUAGE_STANDARD = gnu11;
				GCC_NO_COMMON_BLOCKS = YES;
				GCC_WARN_64_TO_32_BIT_CONVERSION = YES;
				GCC_WARN_ABOUT_RETURN_TYPE = YES_ERROR;
				GCC_WARN_UNDECLARED_SELECTOR = YES;
				GCC_WARN_UNINITIALIZED_AUTOS = YES_AGGRESSIVE;
				GCC_WARN_UNUSED_FUNCTION = YES;
				GCC_WARN_UNUSED_VARIABLE = YES;
				IPHONEOS_DEPLOYMENT_TARGET = 14.5;
				MTL_ENABLE_DEBUG_INFO = NO;
				MTL_FAST_MATH = YES;
				SDKROOT = iphoneos;
				SWIFT_COMPILATION_MODE = wholemodule;
				SWIFT_OPTIMIZATION_LEVEL = "-O";
				VALIDATE_PRODUCT = YES;
			};
			name = Release;
		};
		CA58455B26E1ECBC00F93EAE /* Debug */ = {
			isa = XCBuildConfiguration;
			buildSettings = {
				ASSETCATALOG_COMPILER_APPICON_NAME = AppIcon;
				ASSETCATALOG_COMPILER_GLOBAL_ACCENT_COLOR_NAME = AccentColor;
				CODE_SIGN_STYLE = Automatic;
				DEVELOPMENT_TEAM = N5KK6475ZS;
				INFOPLIST_FILE = 365ScoreTest/Info.plist;
				LD_RUNPATH_SEARCH_PATHS = (
					"$(inherited)",
					"@executable_path/Frameworks",
				);
				PRODUCT_BUNDLE_IDENTIFIER = "com.nikita.-65ScoreTest";
				PRODUCT_NAME = "$(TARGET_NAME)";
				SWIFT_VERSION = 5.0;
				TARGETED_DEVICE_FAMILY = "1,2";
			};
			name = Debug;
		};
		CA58455C26E1ECBC00F93EAE /* Release */ = {
			isa = XCBuildConfiguration;
			buildSettings = {
				ASSETCATALOG_COMPILER_APPICON_NAME = AppIcon;
				ASSETCATALOG_COMPILER_GLOBAL_ACCENT_COLOR_NAME = AccentColor;
				CODE_SIGN_STYLE = Automatic;
				DEVELOPMENT_TEAM = N5KK6475ZS;
				INFOPLIST_FILE = 365ScoreTest/Info.plist;
				LD_RUNPATH_SEARCH_PATHS = (
					"$(inherited)",
					"@executable_path/Frameworks",
				);
				PRODUCT_BUNDLE_IDENTIFIER = "com.nikita.-65ScoreTest";
				PRODUCT_NAME = "$(TARGET_NAME)";
				SWIFT_VERSION = 5.0;
				TARGETED_DEVICE_FAMILY = "1,2";
			};
			name = Release;
		};
/* End XCBuildConfiguration section */

/* Begin XCConfigurationList section */
		CA58454126E1ECBA00F93EAE /* Build configuration list for PBXProject "365ScoreTest" */ = {
			isa = XCConfigurationList;
			buildConfigurations = (
				CA58455826E1ECBC00F93EAE /* Debug */,
				CA58455926E1ECBC00F93EAE /* Release */,
			);
			defaultConfigurationIsVisible = 0;
			defaultConfigurationName = Release;
		};
		CA58455A26E1ECBC00F93EAE /* Build configuration list for PBXNativeTarget "365ScoreTest" */ = {
			isa = XCConfigurationList;
			buildConfigurations = (
				CA58455B26E1ECBC00F93EAE /* Debug */,
				CA58455C26E1ECBC00F93EAE /* Release */,
			);
			defaultConfigurationIsVisible = 0;
			defaultConfigurationName = Release;
		};
/* End XCConfigurationList section */
	};
	rootObject = CA58453E26E1ECBA00F93EAE /* Project object */;
}
